{
    "_readme": [
        "This file locks the dependencies of your project to a known state",
        "Read more about it at http://getcomposer.org/doc/01-basic-usage.md#composer-lock-the-lock-file"
    ],
    "hash": "13e810b07e4fd9d54c00ebdceb60b1ec",
    "packages": [
        {
            "name": "herrera-io/json",
            "version": "1.0.3",
            "source": {
                "type": "git",
                "url": "https://github.com/herrera-io/php-json.git",
                "reference": "60c696c9370a1e5136816ca557c17f82a6fa83f1"
            },
            "dist": {
                "type": "zip",
                "url": "https://api.github.com/repos/herrera-io/php-json/zipball/60c696c9370a1e5136816ca557c17f82a6fa83f1",
                "reference": "60c696c9370a1e5136816ca557c17f82a6fa83f1",
                "shasum": ""
            },
            "require": {
                "ext-json": "*",
                "justinrainbow/json-schema": ">=1.0,<2.0-dev",
                "php": ">=5.3.3",
                "seld/jsonlint": ">=1.0,<2.0-dev"
            },
            "require-dev": {
                "herrera-io/phpunit-test-case": "1.*",
                "mikey179/vfsstream": "1.1.0",
                "phpunit/phpunit": "3.7.*"
            },
            "type": "library",
            "extra": {
                "branch-alias": {
                    "dev-master": "1.0-dev"
                }
            },
            "autoload": {
                "files": [
                    "src/lib/json_version.php"
                ],
                "psr-0": {
                    "Herrera\\Json": "src/lib"
                }
            },
            "notification-url": "https://packagist.org/downloads/",
            "license": [
                "MIT"
            ],
            "authors": [
                {
                    "name": "Kevin Herrera",
                    "email": "kevin@herrera.io",
                    "homepage": "http://kevin.herrera.io"
                }
            ],
            "description": "A library for simplifying JSON linting and validation.",
            "homepage": "http://herrera-io.github.com/php-json",
            "keywords": [
                "json",
                "lint",
                "schema",
                "validate"
            ],
            "time": "2013-10-30 16:51:34"
        },
        {
            "name": "herrera-io/phar-update",
            "version": "2.0.0",
            "source": {
                "type": "git",
                "url": "https://github.com/herrera-io/php-phar-update.git",
                "reference": "15643c90d3d43620a4f45c910e6afb7a0ad4b488"
            },
            "dist": {
                "type": "zip",
                "url": "https://api.github.com/repos/herrera-io/php-phar-update/zipball/15643c90d3d43620a4f45c910e6afb7a0ad4b488",
                "reference": "15643c90d3d43620a4f45c910e6afb7a0ad4b488",
                "shasum": ""
            },
            "require": {
                "herrera-io/json": "1.*",
                "herrera-io/version": "1.*",
                "php": ">=5.3.3"
            },
            "require-dev": {
                "herrera-io/phpunit-test-case": "1.*",
                "mikey179/vfsstream": "1.1.0",
                "phpunit/phpunit": "3.7.*"
            },
            "type": "library",
            "extra": {
                "branch-alias": {
                    "dev-master": "2.0-dev"
                }
            },
            "autoload": {
                "files": [
                    "src/lib/constants.php"
                ],
                "psr-0": {
                    "Herrera\\Phar\\Update": "src/lib"
                }
            },
            "notification-url": "https://packagist.org/downloads/",
            "license": [
                "MIT"
            ],
            "authors": [
                {
                    "name": "Kevin Herrera",
                    "email": "kevin@herrera.io",
                    "homepage": "http://kevin.herrera.io"
                }
            ],
            "description": "A library for self-updating Phars.",
            "homepage": "http://herrera-io.github.com/php-phar-update",
            "keywords": [
                "phar",
                "update"
            ],
            "time": "2013-11-09 17:13:13"
        },
        {
            "name": "herrera-io/version",
            "version": "1.1.0",
            "source": {
                "type": "git",
                "url": "https://github.com/herrera-io/php-version.git",
                "reference": "e4ef0771b7d353777a7ef950a20eee269cabd323"
            },
            "dist": {
                "type": "zip",
                "url": "https://api.github.com/repos/herrera-io/php-version/zipball/e4ef0771b7d353777a7ef950a20eee269cabd323",
                "reference": "e4ef0771b7d353777a7ef950a20eee269cabd323",
                "shasum": ""
            },
            "require": {
                "php": ">=5.3.3"
            },
            "require-dev": {
                "herrera-io/phpunit-test-case": "1.*",
                "phpunit/phpunit": "3.7.*"
            },
            "type": "library",
            "extra": {
                "branch-alias": {
                    "dev-master": "1.0-dev"
                }
            },
            "autoload": {
                "psr-0": {
                    "Herrera\\Version": "src/lib"
                }
            },
            "notification-url": "https://packagist.org/downloads/",
            "license": [
                "MIT"
            ],
            "authors": [
                {
                    "name": "Kevin Herrera",
                    "email": "kevin@herrera.io",
                    "homepage": "http://kevin.herrera.io"
                }
            ],
            "description": "A library for creating, editing, and comparing semantic versioning numbers.",
            "homepage": "http://github.com/herrera-io/php-version",
            "keywords": [
                "semantic",
                "version"
            ],
            "time": "2014-01-21 23:21:16"
        },
        {
            "name": "illuminate/support",
            "version": "v4.1.22",
            "target-dir": "Illuminate/Support",
            "source": {
                "type": "git",
                "url": "https://github.com/illuminate/support.git",
                "reference": "229ad546efb43cd1a6c14ca40e4ff44a468b16eb"
            },
            "dist": {
                "type": "zip",
                "url": "https://api.github.com/repos/illuminate/support/zipball/229ad546efb43cd1a6c14ca40e4ff44a468b16eb",
                "reference": "229ad546efb43cd1a6c14ca40e4ff44a468b16eb",
                "shasum": ""
            },
            "require": {
                "php": ">=5.3.0"
            },
            "require-dev": {
                "mockery/mockery": "0.9.*",
                "patchwork/utf8": "1.1.*",
                "phpunit/phpunit": "3.7.*"
            },
            "type": "library",
            "extra": {
                "branch-alias": {
                    "dev-master": "4.1-dev"
                }
            },
            "autoload": {
                "psr-0": {
                    "Illuminate\\Support": ""
                },
                "files": [
                    "Illuminate/Support/helpers.php"
                ]
            },
            "notification-url": "https://packagist.org/downloads/",
            "license": [
                "MIT"
            ],
            "authors": [
                {
                    "name": "Taylor Otwell",
                    "email": "taylorotwell@gmail.com",
                    "homepage": "https://github.com/taylorotwell",
                    "role": "Developer"
                }
            ],
            "time": "2014-02-15 09:27:21"
        },
        {
            "name": "justinrainbow/json-schema",
            "version": "1.3.5",
            "source": {
                "type": "git",
                "url": "https://github.com/justinrainbow/json-schema.git",
                "reference": "01949f6d2130e9737ffae5d3952909a8de70d114"
            },
            "dist": {
                "type": "zip",
                "url": "https://api.github.com/repos/justinrainbow/json-schema/zipball/01949f6d2130e9737ffae5d3952909a8de70d114",
                "reference": "01949f6d2130e9737ffae5d3952909a8de70d114",
                "shasum": ""
            },
            "require": {
                "php": ">=5.3.0"
            },
            "require-dev": {
                "json-schema/json-schema-test-suite": "1.1.0",
                "phpdocumentor/phpdocumentor": "~2",
                "phpunit/phpunit": "~3.7"
            },
            "bin": [
                "bin/validate-json"
            ],
            "type": "library",
            "extra": {
                "branch-alias": {
                    "dev-master": "1.4.x-dev"
                }
            },
            "autoload": {
                "psr-0": {
                    "JsonSchema": "src/"
                }
            },
            "notification-url": "https://packagist.org/downloads/",
            "license": [
                "BSD-3-Clause"
            ],
            "authors": [
                {
                    "name": "Igor Wiedler",
                    "email": "igor@wiedler.ch",
                    "homepage": "http://wiedler.ch/igor/"
                },
                {
                    "name": "Bruno Prieto Reis",
                    "email": "bruno.p.reis@gmail.com"
                },
                {
                    "name": "Justin Rainbow",
                    "email": "justin.rainbow@gmail.com"
                },
                {
                    "name": "Robert Schönthal",
                    "email": "seroscho@googlemail.com",
                    "homepage": "http://digitalkaoz.net"
                }
            ],
            "description": "A library to validate a json schema.",
            "homepage": "https://github.com/justinrainbow/json-schema",
            "keywords": [
                "json",
                "schema"
            ],
            "time": "2013-12-13 15:21:04"
        },
        {
            "name": "kherge/amend",
            "version": "3.0.3",
            "source": {
                "type": "git",
                "url": "https://github.com/kherge-archive/Amend.git",
                "reference": "d191de606b3b76a28f09d97ddc04014426116965"
            },
            "dist": {
                "type": "zip",
                "url": "https://api.github.com/repos/kherge-archive/Amend/zipball/d191de606b3b76a28f09d97ddc04014426116965",
                "reference": "d191de606b3b76a28f09d97ddc04014426116965",
                "shasum": ""
            },
            "require": {
                "herrera-io/phar-update": "~2.0",
                "php": ">=5.3.3",
                "symfony/console": "~2.1"
            },
            "require-dev": {
                "herrera-io/box": "~1.0",
                "herrera-io/phpunit-test-case": "1.*",
                "phpunit/phpunit": "3.7.*"
            },
            "type": "library",
            "extra": {
                "branch-alias": {
                    "dev-master": "3.0-dev"
                }
            },
            "autoload": {
                "psr-0": {
                    "KevinGH\\Amend": "src/lib"
                }
            },
            "notification-url": "https://packagist.org/downloads/",
            "license": [
                "MIT"
            ],
            "authors": [
                {
                    "name": "Kevin Herrera",
                    "email": "kevin@herrera.io",
                    "homepage": "http://kevin.herrera.io"
                }
            ],
            "description": "Integrates Phar Update to Symfony Console.",
            "homepage": "http://kherge.github.com/Amend",
            "keywords": [
                "console",
                "phar",
                "update"
            ],
            "time": "2013-11-09 17:50:41"
        },
        {
            "name": "nategood/httpful",
            "version": "0.2.11",
            "source": {
                "type": "git",
                "url": "https://github.com/nategood/httpful.git",
                "reference": "0bf1423028abe2f630e1d2ef8d62486d6655b2f3"
            },
            "dist": {
                "type": "zip",
                "url": "https://api.github.com/repos/nategood/httpful/zipball/0bf1423028abe2f630e1d2ef8d62486d6655b2f3",
                "reference": "0bf1423028abe2f630e1d2ef8d62486d6655b2f3",
                "shasum": ""
            },
            "require": {
                "ext-curl": "*",
                "php": ">=5.3"
            },
            "require-dev": {
                "phpunit/phpunit": "*"
            },
            "type": "library",
            "autoload": {
                "psr-0": {
                    "Httpful": "src/"
                }
            },
            "notification-url": "https://packagist.org/downloads/",
            "license": [
                "MIT"
            ],
            "authors": [
                {
                    "name": "Nate Good",
                    "email": "me@nategood.com",
                    "homepage": "http://nategood.com"
                }
            ],
            "description": "A Readable, Chainable, REST friendly, PHP HTTP Client",
            "homepage": "http://github.com/nategood/httpful",
            "keywords": [
                "api",
                "curl",
                "http",
                "requests",
                "rest",
                "restful"
            ],
            "time": "2013-10-20 11:03:40"
        },
        {
            "name": "seld/jsonlint",
            "version": "1.1.2",
            "source": {
                "type": "git",
                "url": "https://github.com/Seldaek/jsonlint.git",
                "reference": "7cd4c4965e17e6e4c07f26d566619a4c76f8c672"
            },
            "dist": {
                "type": "zip",
                "url": "https://api.github.com/repos/Seldaek/jsonlint/zipball/7cd4c4965e17e6e4c07f26d566619a4c76f8c672",
                "reference": "7cd4c4965e17e6e4c07f26d566619a4c76f8c672",
                "shasum": ""
            },
            "require": {
                "php": ">=5.3.0"
            },
            "bin": [
                "bin/jsonlint"
            ],
            "type": "library",
            "autoload": {
                "psr-0": {
                    "Seld\\JsonLint": "src/"
                }
            },
            "notification-url": "https://packagist.org/downloads/",
            "license": [
                "MIT"
            ],
            "authors": [
                {
                    "name": "Jordi Boggiano",
                    "email": "j.boggiano@seld.be",
                    "homepage": "http://seld.be",
                    "role": "Developer"
                }
            ],
            "description": "JSON Linter",
            "keywords": [
                "json",
                "linter",
                "parser",
                "validator"
            ],
            "time": "2013-11-04 15:41:11"
        },
        {
            "name": "symfony/console",
            "version": "v2.4.2",
            "target-dir": "Symfony/Component/Console",
            "source": {
                "type": "git",
                "url": "https://github.com/symfony/Console.git",
                "reference": "940f217cbc3c8a33e5403e7c595495c4884400fe"
            },
            "dist": {
                "type": "zip",
                "url": "https://api.github.com/repos/symfony/Console/zipball/940f217cbc3c8a33e5403e7c595495c4884400fe",
                "reference": "940f217cbc3c8a33e5403e7c595495c4884400fe",
                "shasum": ""
            },
            "require": {
                "php": ">=5.3.3"
            },
            "require-dev": {
                "symfony/event-dispatcher": "~2.1"
            },
            "suggest": {
                "symfony/event-dispatcher": ""
            },
            "type": "library",
            "extra": {
                "branch-alias": {
                    "dev-master": "2.4-dev"
                }
            },
            "autoload": {
                "psr-0": {
                    "Symfony\\Component\\Console\\": ""
                }
            },
            "notification-url": "https://packagist.org/downloads/",
            "license": [
                "MIT"
            ],
            "authors": [
                {
                    "name": "Fabien Potencier",
                    "email": "fabien@symfony.com",
                    "homepage": "http://fabien.potencier.org",
                    "role": "Lead Developer"
                },
                {
                    "name": "Symfony Community",
                    "homepage": "http://symfony.com/contributors"
                }
            ],
            "description": "Symfony Console Component",
            "homepage": "http://symfony.com",
            "time": "2014-02-11 13:52:09"
        },
        {
            "name": "symfony/process",
            "version": "v2.4.2",
            "target-dir": "Symfony/Component/Process",
            "source": {
                "type": "git",
                "url": "https://github.com/symfony/Process.git",
                "reference": "c175448bac997556f8ab972908a4e14c7291fb03"
            },
            "dist": {
                "type": "zip",
                "url": "https://api.github.com/repos/symfony/Process/zipball/c175448bac997556f8ab972908a4e14c7291fb03",
                "reference": "c175448bac997556f8ab972908a4e14c7291fb03",
                "shasum": ""
            },
            "require": {
                "php": ">=5.3.3"
            },
            "type": "library",
            "extra": {
                "branch-alias": {
                    "dev-master": "2.4-dev"
                }
            },
            "autoload": {
                "psr-0": {
                    "Symfony\\Component\\Process\\": ""
                }
            },
            "notification-url": "https://packagist.org/downloads/",
            "license": [
                "MIT"
            ],
            "authors": [
                {
                    "name": "Fabien Potencier",
                    "email": "fabien@symfony.com",
                    "homepage": "http://fabien.potencier.org",
                    "role": "Lead Developer"
                },
                {
                    "name": "Symfony Community",
                    "homepage": "http://symfony.com/contributors"
                }
            ],
            "description": "Symfony Process Component",
            "homepage": "http://symfony.com",
            "time": "2014-02-11 13:52:09"
        }
    ],
    "packages-dev": [

    ],
    "aliases": [

    ],
    "minimum-stability": "stable",
    "stability-flags": [

    ],
    "platform": [

    ],
    "platform-dev": [

    ]
}
